
Microsoft Visual Studio Solution File, Format Version 12.00
# Visual Studio Version 17
VisualStudioVersion = 17.9.34728.123
MinimumVisualStudioVersion = 10.0.40219.1
Project("{9A19103F-16F7-4668-BE54-9A1E7A4F7556}") = "Sheenam.Api", "Sheenam.Api\Sheenam.Api.csproj", "{B672FC65-261A-4D39-BC61-61BF43A6B972}"
EndProject
Project("{9A19103F-16F7-4668-BE54-9A1E7A4F7556}") = "Sheenam.Api.Tests.Unit", "Sheenam.Api.Tests.Unit\Sheenam.Api.Tests.Unit.csproj", "{A2B34681-D2D2-4623-B6CA-65DAD30F22C3}"
EndProject
Project("{FAE04EC0-301F-11D3-BF4B-00C04F79EFBC}") = "Sheenam.Api.Infrastructure.Build", "Sheenam.Api.Infrastructure.Build\Sheenam.Api.Infrastructure.Build.csproj", "{42A71B76-1AF4-41DA-9D24-B5EA89B93053}"
EndProject
Global
	GlobalSection(SolutionConfigurationPlatforms) = preSolution
		Debug|Any CPU = Debug|Any CPU
		Release|Any CPU = Release|Any CPU
	EndGlobalSection
	GlobalSection(ProjectConfigurationPlatforms) = postSolution
		{B672FC65-261A-4D39-BC61-61BF43A6B972}.Debug|Any CPU.ActiveCfg = Debug|Any CPU
		{B672FC65-261A-4D39-BC61-61BF43A6B972}.Debug|Any CPU.Build.0 = Debug|Any CPU
		{B672FC65-261A-4D39-BC61-61BF43A6B972}.Release|Any CPU.ActiveCfg = Release|Any CPU
		{B672FC65-261A-4D39-BC61-61BF43A6B972}.Release|Any CPU.Build.0 = Release|Any CPU
		{A2B34681-D2D2-4623-B6CA-65DAD30F22C3}.Debug|Any CPU.ActiveCfg = Debug|Any CPU
		{A2B34681-D2D2-4623-B6CA-65DAD30F22C3}.Debug|Any CPU.Build.0 = Debug|Any CPU
		{A2B34681-D2D2-4623-B6CA-65DAD30F22C3}.Release|Any CPU.ActiveCfg = Release|Any CPU
		{A2B34681-D2D2-4623-B6CA-65DAD30F22C3}.Release|Any CPU.Build.0 = Release|Any CPU
		{42A71B76-1AF4-41DA-9D24-B5EA89B93053}.Debug|Any CPU.ActiveCfg = Debug|Any CPU
		{42A71B76-1AF4-41DA-9D24-B5EA89B93053}.Debug|Any CPU.Build.0 = Debug|Any CPU
		{42A71B76-1AF4-41DA-9D24-B5EA89B93053}.Release|Any CPU.ActiveCfg = Release|Any CPU
		{42A71B76-1AF4-41DA-9D24-B5EA89B93053}.Release|Any CPU.Build.0 = Release|Any CPU
	EndGlobalSection
	GlobalSection(SolutionProperties) = preSolution
		HideSolutionNode = FALSE
	EndGlobalSection
	GlobalSection(ExtensibilityGlobals) = postSolution
		SolutionGuid = {F32E6821-B5E8-4457-8E24-96A99CCE8A7D}
	EndGlobalSection
EndGlobal
